
Microsoft Visual Studio Solution File, Format Version 12.00
# Visual Studio Version 17
VisualStudioVersion = 17.3.32929.385
MinimumVisualStudioVersion = 10.0.40219.1
Project("{FAE04EC0-301F-11D3-BF4B-00C04F79EFBC}") = "WebApplication3", "WebApplication3\WebApplication3.csproj", "{86213D5A-CE33-4CDC-93E2-BB5467E7F166}"
EndProject
Global
	GlobalSection(SolutionConfigurationPlatforms) = preSolution
		Debug|Any CPU = Debug|Any CPU
		Release|Any CPU = Release|Any CPU
	EndGlobalSection
	GlobalSection(ProjectConfigurationPlatforms) = postSolution
		{86213D5A-CE33-4CDC-93E2-BB5467E7F166}.Debug|Any CPU.ActiveCfg = Debug|Any CPU
		{86213D5A-CE33-4CDC-93E2-BB5467E7F166}.Debug|Any CPU.Build.0 = Debug|Any CPU
		{86213D5A-CE33-4CDC-93E2-BB5467E7F166}.Release|Any CPU.ActiveCfg = Release|Any CPU
		{86213D5A-CE33-4CDC-93E2-BB5467E7F166}.Release|Any CPU.Build.0 = Release|Any CPU
	EndGlobalSection
	GlobalSection(SolutionProperties) = preSolution
		HideSolutionNode = FALSE
	EndGlobalSection
	GlobalSection(ExtensibilityGlobals) = postSolution
		SolutionGuid = {3BCF925F-3902-44CD-B2F6-638CCA0FD8D6}
	EndGlobalSection
EndGlobal
